// !$*UTF8*$!
{
	archiveVersion = 1;
	classes = {
	};
	objectVersion = 50;
	objects = {

/* Begin PBXBuildFile section */
		8515D65D2464ACED00D900A2 /* AppDelegate.swift in Sources */ = {isa = PBXBuildFile; fileRef = 8515D65C2464ACED00D900A2 /* AppDelegate.swift */; };
		8515D65F2464ACED00D900A2 /* SceneDelegate.swift in Sources */ = {isa = PBXBuildFile; fileRef = 8515D65E2464ACED00D900A2 /* SceneDelegate.swift */; };
		8515D6612464ACED00D900A2 /* ViewController.swift in Sources */ = {isa = PBXBuildFile; fileRef = 8515D6602464ACED00D900A2 /* ViewController.swift */; };
		8515D6642464ACED00D900A2 /* Main.storyboard in Resources */ = {isa = PBXBuildFile; fileRef = 8515D6622464ACED00D900A2 /* Main.storyboard */; };
		8515D6662464ACEF00D900A2 /* Assets.xcassets in Resources */ = {isa = PBXBuildFile; fileRef = 8515D6652464ACEF00D900A2 /* Assets.xcassets */; };
		8515D6692464ACF000D900A2 /* LaunchScreen.storyboard in Resources */ = {isa = PBXBuildFile; fileRef = 8515D6672464ACF000D900A2 /* LaunchScreen.storyboard */; };
		8515D6712464B06B00D900A2 /* EmojiTableViewController.swift in Sources */ = {isa = PBXBuildFile; fileRef = 8515D6702464B06B00D900A2 /* EmojiTableViewController.swift */; };
		851857E9246B359700867DE0 /* .gitignore in Resources */ = {isa = PBXBuildFile; fileRef = 851857E8246B359700867DE0 /* .gitignore */; };
		8518ECE524682D3800D19B48 /* NewEmojiTableViewController.swift in Sources */ = {isa = PBXBuildFile; fileRef = 8518ECE424682D3800D19B48 /* NewEmojiTableViewController.swift */; };
		851AF3572467385500D74CFD /* EmojiTableViewCell.swift in Sources */ = {isa = PBXBuildFile; fileRef = 851AF3562467385500D74CFD /* EmojiTableViewCell.swift */; };
		851AF3592467457700D74CFD /* EmojiModel.swift in Sources */ = {isa = PBXBuildFile; fileRef = 851AF3582467457700D74CFD /* EmojiModel.swift */; };
/* End PBXBuildFile section */

/* Begin PBXFileReference section */
		8515D6592464ACED00D900A2 /* EmojiReader.app */ = {isa = PBXFileReference; explicitFileType = wrapper.application; includeInIndex = 0; path = EmojiReader.app; sourceTree = BUILT_PRODUCTS_DIR; };
		8515D65C2464ACED00D900A2 /* AppDelegate.swift */ = {isa = PBXFileReference; lastKnownFileType = sourcecode.swift; path = AppDelegate.swift; sourceTree = "<group>"; };
		8515D65E2464ACED00D900A2 /* SceneDelegate.swift */ = {isa = PBXFileReference; lastKnownFileType = sourcecode.swift; path = SceneDelegate.swift; sourceTree = "<group>"; };
		8515D6602464ACED00D900A2 /* ViewController.swift */ = {isa = PBXFileReference; lastKnownFileType = sourcecode.swift; path = ViewController.swift; sourceTree = "<group>"; };
		8515D6632464ACED00D900A2 /* Base */ = {isa = PBXFileReference; lastKnownFileType = file.storyboard; name = Base; path = Base.lproj/Main.storyboard; sourceTree = "<group>"; };
		8515D6652464ACEF00D900A2 /* Assets.xcassets */ = {isa = PBXFileReference; lastKnownFileType = folder.assetcatalog; path = Assets.xcassets; sourceTree = "<group>"; };
		8515D6682464ACF000D900A2 /* Base */ = {isa = PBXFileReference; lastKnownFileType = file.storyboard; name = Base; path = Base.lproj/LaunchScreen.storyboard; sourceTree = "<group>"; };
		8515D66A2464ACF000D900A2 /* Info.plist */ = {isa = PBXFileReference; lastKnownFileType = text.plist.xml; path = Info.plist; sourceTree = "<group>"; };
		8515D6702464B06B00D900A2 /* EmojiTableViewController.swift */ = {isa = PBXFileReference; lastKnownFileType = sourcecode.swift; path = EmojiTableViewController.swift; sourceTree = "<group>"; };
		851857E8246B359700867DE0 /* .gitignore */ = {isa = PBXFileReference; lastKnownFileType = text; path = .gitignore; sourceTree = "<group>"; };
		8518ECE424682D3800D19B48 /* NewEmojiTableViewController.swift */ = {isa = PBXFileReference; lastKnownFileType = sourcecode.swift; path = NewEmojiTableViewController.swift; sourceTree = "<group>"; };
		851AF3562467385500D74CFD /* EmojiTableViewCell.swift */ = {isa = PBXFileReference; lastKnownFileType = sourcecode.swift; path = EmojiTableViewCell.swift; sourceTree = "<group>"; };
		851AF3582467457700D74CFD /* EmojiModel.swift */ = {isa = PBXFileReference; lastKnownFileType = sourcecode.swift; path = EmojiModel.swift; sourceTree = "<group>"; };
/* End PBXFileReference section */

/* Begin PBXFrameworksBuildPhase section */
		8515D6562464ACED00D900A2 /* Frameworks */ = {
			isa = PBXFrameworksBuildPhase;
			buildActionMask = 2147483647;
			files = (
			);
			runOnlyForDeploymentPostprocessing = 0;
		};
/* End PBXFrameworksBuildPhase section */

/* Begin PBXGroup section */
		8515D6502464ACED00D900A2 = {
			isa = PBXGroup;
			children = (
				8515D65B2464ACED00D900A2 /* EmojiReader */,
				8515D65A2464ACED00D900A2 /* Products */,
			);
			sourceTree = "<group>";
		};
		8515D65A2464ACED00D900A2 /* Products */ = {
			isa = PBXGroup;
			children = (
				8515D6592464ACED00D900A2 /* EmojiReader.app */,
			);
			name = Products;
			sourceTree = "<group>";
		};
		8515D65B2464ACED00D900A2 /* EmojiReader */ = {
			isa = PBXGroup;
			children = (
				8515D65C2464ACED00D900A2 /* AppDelegate.swift */,
				8515D65E2464ACED00D900A2 /* SceneDelegate.swift */,
				8515D6602464ACED00D900A2 /* ViewController.swift */,
				851AF3582467457700D74CFD /* EmojiModel.swift */,
				8515D6702464B06B00D900A2 /* EmojiTableViewController.swift */,
				8518ECE424682D3800D19B48 /* NewEmojiTableViewController.swift */,
				851857E8246B359700867DE0 /* .gitignore */,
				851AF3562467385500D74CFD /* EmojiTableViewCell.swift */,
				8515D6622464ACED00D900A2 /* Main.storyboard */,
				8515D6652464ACEF00D900A2 /* Assets.xcassets */,
				8515D6672464ACF000D900A2 /* LaunchScreen.storyboard */,
				8515D66A2464ACF000D900A2 /* Info.plist */,
			);
			path = EmojiReader;
			sourceTree = "<group>";
		};
/* End PBXGroup section */

/* Begin PBXNativeTarget section */
		8515D6582464ACED00D900A2 /* EmojiReader */ = {
			isa = PBXNativeTarget;
			buildConfigurationList = 8515D66D2464ACF000D900A2 /* Build configuration list for PBXNativeTarget "EmojiReader" */;
			buildPhases = (
				8515D6552464ACED00D900A2 /* Sources */,
				8515D6562464ACED00D900A2 /* Frameworks */,
				8515D6572464ACED00D900A2 /* Resources */,
			);
			buildRules = (
			);
			dependencies = (
			);
			name = EmojiReader;
			productName = EmojiReader;
			productReference = 8515D6592464ACED00D900A2 /* EmojiReader.app */;
			productType = "com.apple.product-type.application";
		};
/* End PBXNativeTarget section */

/* Begin PBXProject section */
		8515D6512464ACED00D900A2 /* Project object */ = {
			isa = PBXProject;
			attributes = {
				LastSwiftUpdateCheck = 1130;
				LastUpgradeCheck = 1130;
				ORGANIZATIONNAME = "Светлана Шардакова";
				TargetAttributes = {
					8515D6582464ACED00D900A2 = {
						CreatedOnToolsVersion = 11.3.1;
					};
				};
			};
			buildConfigurationList = 8515D6542464ACED00D900A2 /* Build configuration list for PBXProject "EmojiReader" */;
			compatibilityVersion = "Xcode 9.3";
			developmentRegion = en;
			hasScannedForEncodings = 0;
			knownRegions = (
				en,
				Base,
			);
			mainGroup = 8515D6502464ACED00D900A2;
			productRefGroup = 8515D65A2464ACED00D900A2 /* Products */;
			projectDirPath = "";
			projectRoot = "";
			targets = (
				8515D6582464ACED00D900A2 /* EmojiReader */,
			);
		};
/* End PBXProject section */

/* Begin PBXResourcesBuildPhase section */
		8515D6572464ACED00D900A2 /* Resources */ = {
			isa = PBXResourcesBuildPhase;
			buildActionMask = 2147483647;
			files = (
				851857E9246B359700867DE0 /* .gitignore in Resources */,
				8515D6692464ACF000D900A2 /* LaunchScreen.storyboard in Resources */,
				8515D6662464ACEF00D900A2 /* Assets.xcassets in Resources */,
				8515D6642464ACED00D900A2 /* Main.storyboard in Resources */,
			);
			runOnlyForDeploymentPostprocessing = 0;
		};
/* End PBXResourcesBuildPhase section */

/* Begin PBXSourcesBuildPhase section */
		8515D6552464ACED00D900A2 /* Sources */ = {
			isa = PBXSourcesBuildPhase;
			buildActionMask = 2147483647;
			files = (
				8515D6712464B06B00D900A2 /* EmojiTableViewController.swift in Sources */,
				8515D6612464ACED00D900A2 /* ViewController.swift in Sources */,
				851AF3592467457700D74CFD /* EmojiModel.swift in Sources */,
				851AF3572467385500D74CFD /* EmojiTableViewCell.swift in Sources */,
				8518ECE524682D3800D19B48 /* NewEmojiTableViewController.swift in Sources */,
				8515D65D2464ACED00D900A2 /* AppDelegate.swift in Sources */,
				8515D65F2464ACED00D900A2 /* SceneDelegate.swift in Sources */,
			);
			runOnlyForDeploymentPostprocessing = 0;
		};
/* End PBXSourcesBuildPhase section */

/* Begin PBXVariantGroup section */
		8515D6622464ACED00D900A2 /* Main.storyboard */ = {
			isa = PBXVariantGroup;
			children = (
				8515D6632464ACED00D900A2 /* Base */,
			);
			name = Main.storyboard;
			sourceTree = "<group>";
		};
		8515D6672464ACF000D900A2 /* LaunchScreen.storyboard */ = {
			isa = PBXVariantGroup;
			children = (
				8515D6682464ACF000D900A2 /* Base */,
			);
			name = LaunchScreen.storyboard;
			sourceTree = "<group>";
		};
/* End PBXVariantGroup section */

/* Begin XCBuildConfiguration section */
		8515D66B2464ACF000D900A2 /* Debug */ = {
			isa = XCBuildConfiguration;
			buildSettings = {
				ALWAYS_SEARCH_USER_PATHS = NO;
				CLANG_ANALYZER_NONNULL = YES;
				CLANG_ANALYZER_NUMBER_OBJECT_CONVERSION = YES_AGGRESSIVE;
				CLANG_CXX_LANGUAGE_STANDARD = "gnu++14";
				CLANG_CXX_LIBRARY = "libc++";
				CLANG_ENABLE_MODULES = YES;
				CLANG_ENABLE_OBJC_ARC = YES;
				CLANG_ENABLE_OBJC_WEAK = YES;
				CLANG_WARN_BLOCK_CAPTURE_AUTORELEASING = YES;
				CLANG_WARN_BOOL_CONVERSION = YES;
				CLANG_WARN_COMMA = YES;
				CLANG_WARN_CONSTANT_CONVERSION = YES;
				CLANG_WARN_DEPRECATED_OBJC_IMPLEMENTATIONS = YES;
				CLANG_WARN_DIRECT_OBJC_ISA_USAGE = YES_ERROR;
				CLANG_WARN_DOCUMENTATION_COMMENTS = YES;
				CLANG_WARN_EMPTY_BODY = YES;
				CLANG_WARN_ENUM_CONVERSION = YES;
				CLANG_WARN_INFINITE_RECURSION = YES;
				CLANG_WARN_INT_CONVERSION = YES;
				CLANG_WARN_NON_LITERAL_NULL_CONVERSION = YES;
				CLANG_WARN_OBJC_IMPLICIT_RETAIN_SELF = YES;
				CLANG_WARN_OBJC_LITERAL_CONVERSION = YES;
				CLANG_WARN_OBJC_ROOT_CLASS = YES_ERROR;
				CLANG_WARN_RANGE_LOOP_ANALYSIS = YES;
				CLANG_WARN_STRICT_PROTOTYPES = YES;
				CLANG_WARN_SUSPICIOUS_MOVE = YES;
				CLANG_WARN_UNGUARDED_AVAILABILITY = YES_AGGRESSIVE;
				CLANG_WARN_UNREACHABLE_CODE = YES;
				CLANG_WARN__DUPLICATE_METHOD_MATCH = YES;
				COPY_PHASE_STRIP = NO;
				DEBUG_INFORMATION_FORMAT = dwarf;
				ENABLE_STRICT_OBJC_MSGSEND = YES;
				ENABLE_TESTABILITY = YES;
				GCC_C_LANGUAGE_STANDARD = gnu11;
				GCC_DYNAMIC_NO_PIC = NO;
				GCC_NO_COMMON_BLOCKS = YES;
				GCC_OPTIMIZATION_LEVEL = 0;
				GCC_PREPROCESSOR_DEFINITIONS = (
					"DEBUG=1",
					"$(inherited)",
				);
				GCC_WARN_64_TO_32_BIT_CONVERSION = YES;
				GCC_WARN_ABOUT_RETURN_TYPE = YES_ERROR;
				GCC_WARN_UNDECLARED_SELECTOR = YES;
				GCC_WARN_UNINITIALIZED_AUTOS = YES_AGGRESSIVE;
				GCC_WARN_UNUSED_FUNCTION = YES;
				GCC_WARN_UNUSED_VARIABLE = YES;
				IPHONEOS_DEPLOYMENT_TARGET = 13.2;
				MTL_ENABLE_DEBUG_INFO = INCLUDE_SOURCE;
				MTL_FAST_MATH = YES;
				ONLY_ACTIVE_ARCH = YES;
				SDKROOT = iphoneos;
				SWIFT_ACTIVE_COMPILATION_CONDITIONS = DEBUG;
				SWIFT_OPTIMIZATION_LEVEL = "-Onone";
			};
			name = Debug;
		};
		8515D66C2464ACF000D900A2 /* Release */ = {
			isa = XCBuildConfiguration;
			buildSettings = {
				ALWAYS_SEARCH_USER_PATHS = NO;
				CLANG_ANALYZER_NONNULL = YES;
				CLANG_ANALYZER_NUMBER_OBJECT_CONVERSION = YES_AGGRESSIVE;
				CLANG_CXX_LANGUAGE_STANDARD = "gnu++14";
				CLANG_CXX_LIBRARY = "libc++";
				CLANG_ENABLE_MODULES = YES;
				CLANG_ENABLE_OBJC_ARC = YES;
				CLANG_ENABLE_OBJC_WEAK = YES;
				CLANG_WARN_BLOCK_CAPTURE_AUTORELEASING = YES;
				CLANG_WARN_BOOL_CONVERSION = YES;
				CLANG_WARN_COMMA = YES;
				CLANG_WARN_CONSTANT_CONVERSION = YES;
				CLANG_WARN_DEPRECATED_OBJC_IMPLEMENTATIONS = YES;
				CLANG_WARN_DIRECT_OBJC_ISA_USAGE = YES_ERROR;
				CLANG_WARN_DOCUMENTATION_COMMENTS = YES;
				CLANG_WARN_EMPTY_BODY = YES;
				CLANG_WARN_ENUM_CONVERSION = YES;
				CLANG_WARN_INFINITE_RECURSION = YES;
				CLANG_WARN_INT_CONVERSION = YES;
				CLANG_WARN_NON_LITERAL_NULL_CONVERSION = YES;
				CLANG_WARN_OBJC_IMPLICIT_RETAIN_SELF = YES;
				CLANG_WARN_OBJC_LITERAL_CONVERSION = YES;
				CLANG_WARN_OBJC_ROOT_CLASS = YES_ERROR;
				CLANG_WARN_RANGE_LOOP_ANALYSIS = YES;
				CLANG_WARN_STRICT_PROTOTYPES = YES;
				CLANG_WARN_SUSPICIOUS_MOVE = YES;
				CLANG_WARN_UNGUARDED_AVAILABILITY = YES_AGGRESSIVE;
				CLANG_WARN_UNREACHABLE_CODE = YES;
				CLANG_WARN__DUPLICATE_METHOD_MATCH = YES;
				COPY_PHASE_STRIP = NO;
				DEBUG_INFORMATION_FORMAT = "dwarf-with-dsym";
				ENABLE_NS_ASSERTIONS = NO;
				ENABLE_STRICT_OBJC_MSGSEND = YES;
				GCC_C_LANGUAGE_STANDARD = gnu11;
				GCC_NO_COMMON_BLOCKS = YES;
				GCC_WARN_64_TO_32_BIT_CONVERSION = YES;
				GCC_WARN_ABOUT_RETURN_TYPE = YES_ERROR;
				GCC_WARN_UNDECLARED_SELECTOR = YES;
				GCC_WARN_UNINITIALIZED_AUTOS = YES_AGGRESSIVE;
				GCC_WARN_UNUSED_FUNCTION = YES;
				GCC_WARN_UNUSED_VARIABLE = YES;
				IPHONEOS_DEPLOYMENT_TARGET = 13.2;
				MTL_ENABLE_DEBUG_INFO = NO;
				MTL_FAST_MATH = YES;
				SDKROOT = iphoneos;
				SWIFT_COMPILATION_MODE = wholemodule;
				SWIFT_OPTIMIZATION_LEVEL = "-O";
				VALIDATE_PRODUCT = YES;
			};
			name = Release;
		};
		8515D66E2464ACF000D900A2 /* Debug */ = {
			isa = XCBuildConfiguration;
			buildSettings = {
				ASSETCATALOG_COMPILER_APPICON_NAME = AppIcon;
				CODE_SIGN_STYLE = Automatic;
				INFOPLIST_FILE = EmojiReader/Info.plist;
				LD_RUNPATH_SEARCH_PATHS = (
					"$(inherited)",
					"@executable_path/Frameworks",
				);
				PRODUCT_BUNDLE_IDENTIFIER = test.EmojiReader;
				PRODUCT_NAME = "$(TARGET_NAME)";
				SWIFT_VERSION = 5.0;
				TARGETED_DEVICE_FAMILY = "1,2";
			};
			name = Debug;
		};
		8515D66F2464ACF000D900A2 /* Release */ = {
			isa = XCBuildConfiguration;
			buildSettings = {
				ASSETCATALOG_COMPILER_APPICON_NAME = AppIcon;
				CODE_SIGN_STYLE = Automatic;
				INFOPLIST_FILE = EmojiReader/Info.plist;
				LD_RUNPATH_SEARCH_PATHS = (
					"$(inherited)",
					"@executable_path/Frameworks",
				);
				PRODUCT_BUNDLE_IDENTIFIER = test.EmojiReader;
				PRODUCT_NAME = "$(TARGET_NAME)";
				SWIFT_VERSION = 5.0;
				TARGETED_DEVICE_FAMILY = "1,2";
			};
			name = Release;
		};
/* End XCBuildConfiguration section */

/* Begin XCConfigurationList section */
		8515D6542464ACED00D900A2 /* Build configuration list for PBXProject "EmojiReader" */ = {
			isa = XCConfigurationList;
			buildConfigurations = (
				8515D66B2464ACF000D900A2 /* Debug */,
				8515D66C2464ACF000D900A2 /* Release */,
			);
			defaultConfigurationIsVisible = 0;
			defaultConfigurationName = Release;
		};
		8515D66D2464ACF000D900A2 /* Build configuration list for PBXNativeTarget "EmojiReader" */ = {
			isa = XCConfigurationList;
			buildConfigurations = (
				8515D66E2464ACF000D900A2 /* Debug */,
				8515D66F2464ACF000D900A2 /* Release */,
			);
			defaultConfigurationIsVisible = 0;
			defaultConfigurationName = Release;
		};
/* End XCConfigurationList section */
	};
	rootObject = 8515D6512464ACED00D900A2 /* Project object */;
}
